// !$*UTF8*$!
{
	archiveVersion = 1;
	classes = {
	};
	objectVersion = 56;
	objects = {

/* Begin PBXBuildFile section */
		4338C5272C6A46C6005BACCC /* hwApp.swift in Sources */ = {isa = PBXBuildFile; fileRef = 4338C5262C6A46C6005BACCC /* hwApp.swift */; };
		4338C5292C6A46C6005BACCC /* ContentView.swift in Sources */ = {isa = PBXBuildFile; fileRef = 4338C5282C6A46C6005BACCC /* ContentView.swift */; };
		4338C52B2C6A46C8005BACCC /* Assets.xcassets in Resources */ = {isa = PBXBuildFile; fileRef = 4338C52A2C6A46C8005BACCC /* Assets.xcassets */; };
		4338C52E2C6A46C8005BACCC /* Preview Assets.xcassets in Resources */ = {isa = PBXBuildFile; fileRef = 4338C52D2C6A46C8005BACCC /* Preview Assets.xcassets */; };
		4338C5382C6A46C8005BACCC /* hwTests.swift in Sources */ = {isa = PBXBuildFile; fileRef = 4338C5372C6A46C8005BACCC /* hwTests.swift */; };
		4338C5422C6A46C8005BACCC /* hwUITests.swift in Sources */ = {isa = PBXBuildFile; fileRef = 4338C5412C6A46C8005BACCC /* hwUITests.swift */; };
		4338C5442C6A46C8005BACCC /* hwUITestsLaunchTests.swift in Sources */ = {isa = PBXBuildFile; fileRef = 4338C5432C6A46C8005BACCC /* hwUITestsLaunchTests.swift */; };
/* End PBXBuildFile section */

/* Begin PBXContainerItemProxy section */
		4338C5342C6A46C8005BACCC /* PBXContainerItemProxy */ = {
			isa = PBXContainerItemProxy;
			containerPortal = 4338C51B2C6A46C5005BACCC /* Project object */;
			proxyType = 1;
			remoteGlobalIDString = 4338C5222C6A46C6005BACCC;
			remoteInfo = hw;
		};
		4338C53E2C6A46C8005BACCC /* PBXContainerItemProxy */ = {
			isa = PBXContainerItemProxy;
			containerPortal = 4338C51B2C6A46C5005BACCC /* Project object */;
			proxyType = 1;
			remoteGlobalIDString = 4338C5222C6A46C6005BACCC;
			remoteInfo = hw;
		};
/* End PBXContainerItemProxy section */

/* Begin PBXFileReference section */
		4338C5232C6A46C6005BACCC /* hw.app */ = {isa = PBXFileReference; explicitFileType = wrapper.application; includeInIndex = 0; path = hw.app; sourceTree = BUILT_PRODUCTS_DIR; };
		4338C5262C6A46C6005BACCC /* hwApp.swift */ = {isa = PBXFileReference; lastKnownFileType = sourcecode.swift; path = hwApp.swift; sourceTree = "<group>"; };
		4338C5282C6A46C6005BACCC /* ContentView.swift */ = {isa = PBXFileReference; lastKnownFileType = sourcecode.swift; path = ContentView.swift; sourceTree = "<group>"; };
		4338C52A2C6A46C8005BACCC /* Assets.xcassets */ = {isa = PBXFileReference; lastKnownFileType = folder.assetcatalog; path = Assets.xcassets; sourceTree = "<group>"; };
		4338C52D2C6A46C8005BACCC /* Preview Assets.xcassets */ = {isa = PBXFileReference; lastKnownFileType = folder.assetcatalog; path = "Preview Assets.xcassets"; sourceTree = "<group>"; };
		4338C5332C6A46C8005BACCC /* hwTests.xctest */ = {isa = PBXFileReference; explicitFileType = wrapper.cfbundle; includeInIndex = 0; path = hwTests.xctest; sourceTree = BUILT_PRODUCTS_DIR; };
		4338C5372C6A46C8005BACCC /* hwTests.swift */ = {isa = PBXFileReference; lastKnownFileType = sourcecode.swift; path = hwTests.swift; sourceTree = "<group>"; };
		4338C53D2C6A46C8005BACCC /* hwUITests.xctest */ = {isa = PBXFileReference; explicitFileType = wrapper.cfbundle; includeInIndex = 0; path = hwUITests.xctest; sourceTree = BUILT_PRODUCTS_DIR; };
		4338C5412C6A46C8005BACCC /* hwUITests.swift */ = {isa = PBXFileReference; lastKnownFileType = sourcecode.swift; path = hwUITests.swift; sourceTree = "<group>"; };
		4338C5432C6A46C8005BACCC /* hwUITestsLaunchTests.swift */ = {isa = PBXFileReference; lastKnownFileType = sourcecode.swift; path = hwUITestsLaunchTests.swift; sourceTree = "<group>"; };
/* End PBXFileReference section */

/* Begin PBXFrameworksBuildPhase section */
		4338C5202C6A46C6005BACCC /* Frameworks */ = {
			isa = PBXFrameworksBuildPhase;
			buildActionMask = 2147483647;
			files = (
			);
			runOnlyForDeploymentPostprocessing = 0;
		};
		4338C5302C6A46C8005BACCC /* Frameworks */ = {
			isa = PBXFrameworksBuildPhase;
			buildActionMask = 2147483647;
			files = (
			);
			runOnlyForDeploymentPostprocessing = 0;
		};
		4338C53A2C6A46C8005BACCC /* Frameworks */ = {
			isa = PBXFrameworksBuildPhase;
			buildActionMask = 2147483647;
			files = (
			);
			runOnlyForDeploymentPostprocessing = 0;
		};
/* End PBXFrameworksBuildPhase section */

/* Begin PBXGroup section */
		4338C51A2C6A46C5005BACCC = {
			isa = PBXGroup;
			children = (
				4338C5252C6A46C6005BACCC /* hw */,
				4338C5362C6A46C8005BACCC /* hwTests */,
				4338C5402C6A46C8005BACCC /* hwUITests */,
				4338C5242C6A46C6005BACCC /* Products */,
			);
			sourceTree = "<group>";
		};
		4338C5242C6A46C6005BACCC /* Products */ = {
			isa = PBXGroup;
			children = (
				4338C5232C6A46C6005BACCC /* hw.app */,
				4338C5332C6A46C8005BACCC /* hwTests.xctest */,
				4338C53D2C6A46C8005BACCC /* hwUITests.xctest */,
			);
			name = Products;
			sourceTree = "<group>";
		};
		4338C5252C6A46C6005BACCC /* hw */ = {
			isa = PBXGroup;
			children = (
				4338C5262C6A46C6005BACCC /* hwApp.swift */,
				4338C5282C6A46C6005BACCC /* ContentView.swift */,
				4338C52A2C6A46C8005BACCC /* Assets.xcassets */,
				4338C52C2C6A46C8005BACCC /* Preview Content */,
			);
			path = hw;
			sourceTree = "<group>";
		};
		4338C52C2C6A46C8005BACCC /* Preview Content */ = {
			isa = PBXGroup;
			children = (
				4338C52D2C6A46C8005BACCC /* Preview Assets.xcassets */,
			);
			path = "Preview Content";
			sourceTree = "<group>";
		};
		4338C5362C6A46C8005BACCC /* hwTests */ = {
			isa = PBXGroup;
			children = (
				4338C5372C6A46C8005BACCC /* hwTests.swift */,
			);
			path = hwTests;
			sourceTree = "<group>";
		};
		4338C5402C6A46C8005BACCC /* hwUITests */ = {
			isa = PBXGroup;
			children = (
				4338C5412C6A46C8005BACCC /* hwUITests.swift */,
				4338C5432C6A46C8005BACCC /* hwUITestsLaunchTests.swift */,
			);
			path = hwUITests;
			sourceTree = "<group>";
		};
/* End PBXGroup section */

/* Begin PBXNativeTarget section */
		4338C5222C6A46C6005BACCC /* hw */ = {
			isa = PBXNativeTarget;
			buildConfigurationList = 4338C5472C6A46C8005BACCC /* Build configuration list for PBXNativeTarget "hw" */;
			buildPhases = (
				4338C51F2C6A46C6005BACCC /* Sources */,
				4338C5202C6A46C6005BACCC /* Frameworks */,
				4338C5212C6A46C6005BACCC /* Resources */,
			);
			buildRules = (
			);
			dependencies = (
			);
			name = hw;
			productName = hw;
			productReference = 4338C5232C6A46C6005BACCC /* hw.app */;
			productType = "com.apple.product-type.application";
		};
		4338C5322C6A46C8005BACCC /* hwTests */ = {
			isa = PBXNativeTarget;
			buildConfigurationList = 4338C54A2C6A46C8005BACCC /* Build configuration list for PBXNativeTarget "hwTests" */;
			buildPhases = (
				4338C52F2C6A46C8005BACCC /* Sources */,
				4338C5302C6A46C8005BACCC /* Frameworks */,
				4338C5312C6A46C8005BACCC /* Resources */,
			);
			buildRules = (
			);
			dependencies = (
				4338C5352C6A46C8005BACCC /* PBXTargetDependency */,
			);
			name = hwTests;
			productName = hwTests;
			productReference = 4338C5332C6A46C8005BACCC /* hwTests.xctest */;
			productType = "com.apple.product-type.bundle.unit-test";
		};
		4338C53C2C6A46C8005BACCC /* hwUITests */ = {
			isa = PBXNativeTarget;
			buildConfigurationList = 4338C54D2C6A46C8005BACCC /* Build configuration list for PBXNativeTarget "hwUITests" */;
			buildPhases = (
				4338C5392C6A46C8005BACCC /* Sources */,
				4338C53A2C6A46C8005BACCC /* Frameworks */,
				4338C53B2C6A46C8005BACCC /* Resources */,
			);
			buildRules = (
			);
			dependencies = (
				4338C53F2C6A46C8005BACCC /* PBXTargetDependency */,
			);
			name = hwUITests;
			productName = hwUITests;
			productReference = 4338C53D2C6A46C8005BACCC /* hwUITests.xctest */;
			productType = "com.apple.product-type.bundle.ui-testing";
		};
/* End PBXNativeTarget section */

/* Begin PBXProject section */
		4338C51B2C6A46C5005BACCC /* Project object */ = {
			isa = PBXProject;
			attributes = {
				BuildIndependentTargetsInParallel = 1;
				LastSwiftUpdateCheck = 1520;
				LastUpgradeCheck = 1520;
				TargetAttributes = {
					4338C5222C6A46C6005BACCC = {
						CreatedOnToolsVersion = 15.2;
					};
					4338C5322C6A46C8005BACCC = {
						CreatedOnToolsVersion = 15.2;
						TestTargetID = 4338C5222C6A46C6005BACCC;
					};
					4338C53C2C6A46C8005BACCC = {
						CreatedOnToolsVersion = 15.2;
						TestTargetID = 4338C5222C6A46C6005BACCC;
					};
				};
			};
			buildConfigurationList = 4338C51E2C6A46C5005BACCC /* Build configuration list for PBXProject "hw" */;
			compatibilityVersion = "Xcode 14.0";
			developmentRegion = en;
			hasScannedForEncodings = 0;
			knownRegions = (
				en,
				Base,
			);
			mainGroup = 4338C51A2C6A46C5005BACCC;
			productRefGroup = 4338C5242C6A46C6005BACCC /* Products */;
			projectDirPath = "";
			projectRoot = "";
			targets = (
				4338C5222C6A46C6005BACCC /* hw */,
				4338C5322C6A46C8005BACCC /* hwTests */,
				4338C53C2C6A46C8005BACCC /* hwUITests */,
			);
		};
/* End PBXProject section */

/* Begin PBXResourcesBuildPhase section */
		4338C5212C6A46C6005BACCC /* Resources */ = {
			isa = PBXResourcesBuildPhase;
			buildActionMask = 2147483647;
			files = (
				4338C52E2C6A46C8005BACCC /* Preview Assets.xcassets in Resources */,
				4338C52B2C6A46C8005BACCC /* Assets.xcassets in Resources */,
			);
			runOnlyForDeploymentPostprocessing = 0;
		};
		4338C5312C6A46C8005BACCC /* Resources */ = {
			isa = PBXResourcesBuildPhase;
			buildActionMask = 2147483647;
			files = (
			);
			runOnlyForDeploymentPostprocessing = 0;
		};
		4338C53B2C6A46C8005BACCC /* Resources */ = {
			isa = PBXResourcesBuildPhase;
			buildActionMask = 2147483647;
			files = (
			);
			runOnlyForDeploymentPostprocessing = 0;
		};
/* End PBXResourcesBuildPhase section */

/* Begin PBXSourcesBuildPhase section */
		4338C51F2C6A46C6005BACCC /* Sources */ = {
			isa = PBXSourcesBuildPhase;
			buildActionMask = 2147483647;
			files = (
				4338C5292C6A46C6005BACCC /* ContentView.swift in Sources */,
				4338C5272C6A46C6005BACCC /* hwApp.swift in Sources */,
			);
			runOnlyForDeploymentPostprocessing = 0;
		};
		4338C52F2C6A46C8005BACCC /* Sources */ = {
			isa = PBXSourcesBuildPhase;
			buildActionMask = 2147483647;
			files = (
				4338C5382C6A46C8005BACCC /* hwTests.swift in Sources */,
			);
			runOnlyForDeploymentPostprocessing = 0;
		};
		4338C5392C6A46C8005BACCC /* Sources */ = {
			isa = PBXSourcesBuildPhase;
			buildActionMask = 2147483647;
			files = (
				4338C5422C6A46C8005BACCC /* hwUITests.swift in Sources */,
				4338C5442C6A46C8005BACCC /* hwUITestsLaunchTests.swift in Sources */,
			);
			runOnlyForDeploymentPostprocessing = 0;
		};
/* End PBXSourcesBuildPhase section */

/* Begin PBXTargetDependency section */
		4338C5352C6A46C8005BACCC /* PBXTargetDependency */ = {
			isa = PBXTargetDependency;
			target = 4338C5222C6A46C6005BACCC /* hw */;
			targetProxy = 4338C5342C6A46C8005BACCC /* PBXContainerItemProxy */;
		};
		4338C53F2C6A46C8005BACCC /* PBXTargetDependency */ = {
			isa = PBXTargetDependency;
			target = 4338C5222C6A46C6005BACCC /* hw */;
			targetProxy = 4338C53E2C6A46C8005BACCC /* PBXContainerItemProxy */;
		};
/* End PBXTargetDependency section */

/* Begin XCBuildConfiguration section */
		4338C5452C6A46C8005BACCC /* Debug */ = {
			isa = XCBuildConfiguration;
			buildSettings = {
				ALWAYS_SEARCH_USER_PATHS = NO;
				ASSETCATALOG_COMPILER_GENERATE_SWIFT_ASSET_SYMBOL_EXTENSIONS = YES;
				CLANG_ANALYZER_NONNULL = YES;
				CLANG_ANALYZER_NUMBER_OBJECT_CONVERSION = YES_AGGRESSIVE;
				CLANG_CXX_LANGUAGE_STANDARD = "gnu++20";
				CLANG_ENABLE_MODULES = YES;
				CLANG_ENABLE_OBJC_ARC = YES;
				CLANG_ENABLE_OBJC_WEAK = YES;
				CLANG_WARN_BLOCK_CAPTURE_AUTORELEASING = YES;
				CLANG_WARN_BOOL_CONVERSION = YES;
				CLANG_WARN_COMMA = YES;
				CLANG_WARN_CONSTANT_CONVERSION = YES;
				CLANG_WARN_DEPRECATED_OBJC_IMPLEMENTATIONS = YES;
				CLANG_WARN_DIRECT_OBJC_ISA_USAGE = YES_ERROR;
				CLANG_WARN_DOCUMENTATION_COMMENTS = YES;
				CLANG_WARN_EMPTY_BODY = YES;
				CLANG_WARN_ENUM_CONVERSION = YES;
				CLANG_WARN_INFINITE_RECURSION = YES;
				CLANG_WARN_INT_CONVERSION = YES;
				CLANG_WARN_NON_LITERAL_NULL_CONVERSION = YES;
				CLANG_WARN_OBJC_IMPLICIT_RETAIN_SELF = YES;
				CLANG_WARN_OBJC_LITERAL_CONVERSION = YES;
				CLANG_WARN_OBJC_ROOT_CLASS = YES_ERROR;
				CLANG_WARN_QUOTED_INCLUDE_IN_FRAMEWORK_HEADER = YES;
				CLANG_WARN_RANGE_LOOP_ANALYSIS = YES;
				CLANG_WARN_STRICT_PROTOTYPES = YES;
				CLANG_WARN_SUSPICIOUS_MOVE = YES;
				CLANG_WARN_UNGUARDED_AVAILABILITY = YES_AGGRESSIVE;
				CLANG_WARN_UNREACHABLE_CODE = YES;
				CLANG_WARN__DUPLICATE_METHOD_MATCH = YES;
				COPY_PHASE_STRIP = NO;
				DEBUG_INFORMATION_FORMAT = dwarf;
				ENABLE_STRICT_OBJC_MSGSEND = YES;
				ENABLE_TESTABILITY = YES;
				ENABLE_USER_SCRIPT_SANDBOXING = YES;
				GCC_C_LANGUAGE_STANDARD = gnu17;
				GCC_DYNAMIC_NO_PIC = NO;
				GCC_NO_COMMON_BLOCKS = YES;
				GCC_OPTIMIZATION_LEVEL = 0;
				GCC_PREPROCESSOR_DEFINITIONS = (
					"DEBUG=1",
					"$(inherited)",
				);
				GCC_WARN_64_TO_32_BIT_CONVERSION = YES;
				GCC_WARN_ABOUT_RETURN_TYPE = YES_ERROR;
				GCC_WARN_UNDECLARED_SELECTOR = YES;
				GCC_WARN_UNINITIALIZED_AUTOS = YES_AGGRESSIVE;
				GCC_WARN_UNUSED_FUNCTION = YES;
				GCC_WARN_UNUSED_VARIABLE = YES;
				IPHONEOS_DEPLOYMENT_TARGET = 17.2;
				LOCALIZATION_PREFERS_STRING_CATALOGS = YES;
				MTL_ENABLE_DEBUG_INFO = INCLUDE_SOURCE;
				MTL_FAST_MATH = YES;
				ONLY_ACTIVE_ARCH = YES;
				SDKROOT = iphoneos;
				SWIFT_ACTIVE_COMPILATION_CONDITIONS = "DEBUG $(inherited)";
				SWIFT_OPTIMIZATION_LEVEL = "-Onone";
			};
			name = Debug;
		};
		4338C5462C6A46C8005BACCC /* Release */ = {
			isa = XCBuildConfiguration;
			buildSettings = {
				ALWAYS_SEARCH_USER_PATHS = NO;
				ASSETCATALOG_COMPILER_GENERATE_SWIFT_ASSET_SYMBOL_EXTENSIONS = YES;
				CLANG_ANALYZER_NONNULL = YES;
				CLANG_ANALYZER_NUMBER_OBJECT_CONVERSION = YES_AGGRESSIVE;
				CLANG_CXX_LANGUAGE_STANDARD = "gnu++20";
				CLANG_ENABLE_MODULES = YES;
				CLANG_ENABLE_OBJC_ARC = YES;
				CLANG_ENABLE_OBJC_WEAK = YES;
				CLANG_WARN_BLOCK_CAPTURE_AUTORELEASING = YES;
				CLANG_WARN_BOOL_CONVERSION = YES;
				CLANG_WARN_COMMA = YES;
				CLANG_WARN_CONSTANT_CONVERSION = YES;
				CLANG_WARN_DEPRECATED_OBJC_IMPLEMENTATIONS = YES;
				CLANG_WARN_DIRECT_OBJC_ISA_USAGE = YES_ERROR;
				CLANG_WARN_DOCUMENTATION_COMMENTS = YES;
				CLANG_WARN_EMPTY_BODY = YES;
				CLANG_WARN_ENUM_CONVERSION = YES;
				CLANG_WARN_INFINITE_RECURSION = YES;
				CLANG_WARN_INT_CONVERSION = YES;
				CLANG_WARN_NON_LITERAL_NULL_CONVERSION = YES;
				CLANG_WARN_OBJC_IMPLICIT_RETAIN_SELF = YES;
				CLANG_WARN_OBJC_LITERAL_CONVERSION = YES;
				CLANG_WARN_OBJC_ROOT_CLASS = YES_ERROR;
				CLANG_WARN_QUOTED_INCLUDE_IN_FRAMEWORK_HEADER = YES;
				CLANG_WARN_RANGE_LOOP_ANALYSIS = YES;
				CLANG_WARN_STRICT_PROTOTYPES = YES;
				CLANG_WARN_SUSPICIOUS_MOVE = YES;
				CLANG_WARN_UNGUARDED_AVAILABILITY = YES_AGGRESSIVE;
				CLANG_WARN_UNREACHABLE_CODE = YES;
				CLANG_WARN__DUPLICATE_METHOD_MATCH = YES;
				COPY_PHASE_STRIP = NO;
				DEBUG_INFORMATION_FORMAT = "dwarf-with-dsym";
				ENABLE_NS_ASSERTIONS = NO;
				ENABLE_STRICT_OBJC_MSGSEND = YES;
				ENABLE_USER_SCRIPT_SANDBOXING = YES;
				GCC_C_LANGUAGE_STANDARD = gnu17;
				GCC_NO_COMMON_BLOCKS = YES;
				GCC_WARN_64_TO_32_BIT_CONVERSION = YES;
				GCC_WARN_ABOUT_RETURN_TYPE = YES_ERROR;
				GCC_WARN_UNDECLARED_SELECTOR = YES;
				GCC_WARN_UNINITIALIZED_AUTOS = YES_AGGRESSIVE;
				GCC_WARN_UNUSED_FUNCTION = YES;
				GCC_WARN_UNUSED_VARIABLE = YES;
				IPHONEOS_DEPLOYMENT_TARGET = 17.2;
				LOCALIZATION_PREFERS_STRING_CATALOGS = YES;
				MTL_ENABLE_DEBUG_INFO = NO;
				MTL_FAST_MATH = YES;
				SDKROOT = iphoneos;
				SWIFT_COMPILATION_MODE = wholemodule;
				VALIDATE_PRODUCT = YES;
			};
			name = Release;
		};
		4338C5482C6A46C8005BACCC /* Debug */ = {
			isa = XCBuildConfiguration;
			buildSettings = {
				ASSETCATALOG_COMPILER_APPICON_NAME = AppIcon;
				ASSETCATALOG_COMPILER_GLOBAL_ACCENT_COLOR_NAME = AccentColor;
				CODE_SIGN_STYLE = Automatic;
				CURRENT_PROJECT_VERSION = 1;
				DEVELOPMENT_ASSET_PATHS = "\"hw/Preview Content\"";
				ENABLE_PREVIEWS = YES;
				GENERATE_INFOPLIST_FILE = YES;
				INFOPLIST_KEY_UIApplicationSceneManifest_Generation = YES;
				INFOPLIST_KEY_UIApplicationSupportsIndirectInputEvents = YES;
				INFOPLIST_KEY_UILaunchScreen_Generation = YES;
				INFOPLIST_KEY_UISupportedInterfaceOrientations_iPad = "UIInterfaceOrientationPortrait UIInterfaceOrientationPortraitUpsideDown UIInterfaceOrientationLandscapeLeft UIInterfaceOrientationLandscapeRight";
				INFOPLIST_KEY_UISupportedInterfaceOrientations_iPhone = "UIInterfaceOrientationPortrait UIInterfaceOrientationLandscapeLeft UIInterfaceOrientationLandscapeRight";
				LD_RUNPATH_SEARCH_PATHS = (
					"$(inherited)",
					"@executable_path/Frameworks",
				);
				MARKETING_VERSION = 1.0;
				PRODUCT_BUNDLE_IDENTIFIER = xx.hw;
				PRODUCT_NAME = "$(TARGET_NAME)";
				SWIFT_EMIT_LOC_STRINGS = YES;
				SWIFT_VERSION = 5.0;
				TARGETED_DEVICE_FAMILY = "1,2";
			};
			name = Debug;
		};
		4338C5492C6A46C8005BACCC /* Release */ = {
			isa = XCBuildConfiguration;
			buildSettings = {
				ASSETCATALOG_COMPILER_APPICON_NAME = AppIcon;
				ASSETCATALOG_COMPILER_GLOBAL_ACCENT_COLOR_NAME = AccentColor;
				CODE_SIGN_STYLE = Automatic;
				CURRENT_PROJECT_VERSION = 1;
				DEVELOPMENT_ASSET_PATHS = "\"hw/Preview Content\"";
				ENABLE_PREVIEWS = YES;
				GENERATE_INFOPLIST_FILE = YES;
				INFOPLIST_KEY_UIApplicationSceneManifest_Generation = YES;
				INFOPLIST_KEY_UIApplicationSupportsIndirectInputEvents = YES;
				INFOPLIST_KEY_UILaunchScreen_Generation = YES;
				INFOPLIST_KEY_UISupportedInterfaceOrientations_iPad = "UIInterfaceOrientationPortrait UIInterfaceOrientationPortraitUpsideDown UIInterfaceOrientationLandscapeLeft UIInterfaceOrientationLandscapeRight";
				INFOPLIST_KEY_UISupportedInterfaceOrientations_iPhone = "UIInterfaceOrientationPortrait UIInterfaceOrientationLandscapeLeft UIInterfaceOrientationLandscapeRight";
				LD_RUNPATH_SEARCH_PATHS = (
					"$(inherited)",
					"@executable_path/Frameworks",
				);
				MARKETING_VERSION = 1.0;
				PRODUCT_BUNDLE_IDENTIFIER = xx.hw;
				PRODUCT_NAME = "$(TARGET_NAME)";
				SWIFT_EMIT_LOC_STRINGS = YES;
				SWIFT_VERSION = 5.0;
				TARGETED_DEVICE_FAMILY = "1,2";
			};
			name = Release;
		};
		4338C54B2C6A46C8005BACCC /* Debug */ = {
			isa = XCBuildConfiguration;
			buildSettings = {
				ALWAYS_EMBED_SWIFT_STANDARD_LIBRARIES = YES;
				BUNDLE_LOADER = "$(TEST_HOST)";
				CODE_SIGN_STYLE = Automatic;
				CURRENT_PROJECT_VERSION = 1;
				GENERATE_INFOPLIST_FILE = YES;
				IPHONEOS_DEPLOYMENT_TARGET = 17.2;
				MARKETING_VERSION = 1.0;
				PRODUCT_BUNDLE_IDENTIFIER = xx.hwTests;
				PRODUCT_NAME = "$(TARGET_NAME)";
				SWIFT_EMIT_LOC_STRINGS = NO;
				SWIFT_VERSION = 5.0;
				TARGETED_DEVICE_FAMILY = "1,2";
				TEST_HOST = "$(BUILT_PRODUCTS_DIR)/hw.app/$(BUNDLE_EXECUTABLE_FOLDER_PATH)/hw";
			};
			name = Debug;
		};
		4338C54C2C6A46C8005BACCC /* Release */ = {
			isa = XCBuildConfiguration;
			buildSettings = {
				ALWAYS_EMBED_SWIFT_STANDARD_LIBRARIES = YES;
				BUNDLE_LOADER = "$(TEST_HOST)";
				CODE_SIGN_STYLE = Automatic;
				CURRENT_PROJECT_VERSION = 1;
				GENERATE_INFOPLIST_FILE = YES;
				IPHONEOS_DEPLOYMENT_TARGET = 17.2;
				MARKETING_VERSION = 1.0;
				PRODUCT_BUNDLE_IDENTIFIER = xx.hwTests;
				PRODUCT_NAME = "$(TARGET_NAME)";
				SWIFT_EMIT_LOC_STRINGS = NO;
				SWIFT_VERSION = 5.0;
				TARGETED_DEVICE_FAMILY = "1,2";
				TEST_HOST = "$(BUILT_PRODUCTS_DIR)/hw.app/$(BUNDLE_EXECUTABLE_FOLDER_PATH)/hw";
			};
			name = Release;
		};
		4338C54E2C6A46C8005BACCC /* Debug */ = {
			isa = XCBuildConfiguration;
			buildSettings = {
				ALWAYS_EMBED_SWIFT_STANDARD_LIBRARIES = YES;
				CODE_SIGN_STYLE = Automatic;
				CURRENT_PROJECT_VERSION = 1;
				GENERATE_INFOPLIST_FILE = YES;
				MARKETING_VERSION = 1.0;
				PRODUCT_BUNDLE_IDENTIFIER = xx.hwUITests;
				PRODUCT_NAME = "$(TARGET_NAME)";
				SWIFT_EMIT_LOC_STRINGS = NO;
				SWIFT_VERSION = 5.0;
				TARGETED_DEVICE_FAMILY = "1,2";
				TEST_TARGET_NAME = hw;
			};
			name = Debug;
		};
		4338C54F2C6A46C8005BACCC /* Release */ = {
			isa = XCBuildConfiguration;
			buildSettings = {
				ALWAYS_EMBED_SWIFT_STANDARD_LIBRARIES = YES;
				CODE_SIGN_STYLE = Automatic;
				CURRENT_PROJECT_VERSION = 1;
				GENERATE_INFOPLIST_FILE = YES;
				MARKETING_VERSION = 1.0;
				PRODUCT_BUNDLE_IDENTIFIER = xx.hwUITests;
				PRODUCT_NAME = "$(TARGET_NAME)";
				SWIFT_EMIT_LOC_STRINGS = NO;
				SWIFT_VERSION = 5.0;
				TARGETED_DEVICE_FAMILY = "1,2";
				TEST_TARGET_NAME = hw;
			};
			name = Release;
		};
/* End XCBuildConfiguration section */

/* Begin XCConfigurationList section */
		4338C51E2C6A46C5005BACCC /* Build configuration list for PBXProject "hw" */ = {
			isa = XCConfigurationList;
			buildConfigurations = (
				4338C5452C6A46C8005BACCC /* Debug */,
				4338C5462C6A46C8005BACCC /* Release */,
			);
			defaultConfigurationIsVisible = 0;
			defaultConfigurationName = Release;
		};
		4338C5472C6A46C8005BACCC /* Build configuration list for PBXNativeTarget "hw" */ = {
			isa = XCConfigurationList;
			buildConfigurations = (
				4338C5482C6A46C8005BACCC /* Debug */,
				4338C5492C6A46C8005BACCC /* Release */,
			);
			defaultConfigurationIsVisible = 0;
			defaultConfigurationName = Release;
		};
		4338C54A2C6A46C8005BACCC /* Build configuration list for PBXNativeTarget "hwTests" */ = {
			isa = XCConfigurationList;
			buildConfigurations = (
				4338C54B2C6A46C8005BACCC /* Debug */,
				4338C54C2C6A46C8005BACCC /* Release */,
			);
			defaultConfigurationIsVisible = 0;
			defaultConfigurationName = Release;
		};
		4338C54D2C6A46C8005BACCC /* Build configuration list for PBXNativeTarget "hwUITests" */ = {
			isa = XCConfigurationList;
			buildConfigurations = (
				4338C54E2C6A46C8005BACCC /* Debug */,
				4338C54F2C6A46C8005BACCC /* Release */,
			);
			defaultConfigurationIsVisible = 0;
			defaultConfigurationName = Release;
		};
/* End XCConfigurationList section */
	};
	rootObject = 4338C51B2C6A46C5005BACCC /* Project object */;
}
